{
    "_meta": {
        "hash": {
            "sha256": "b06117c18fb31d41849eb992e0f659f855ccaeb03a95d192d563aac15590d22f"
        },
        "pipfile-spec": 6,
        "requires": {
            "python_version": "3.12"
        },
        "sources": [
            {
                "name": "pip_conf_index_global",
                "url": "https://pypi.tuna.tsinghua.edu.cn/simple/",
                "verify_ssl": true
            }
        ]
    },
    "default": {},
    "develop": {}
}
